
Microsoft Visual Studio Solution File, Format Version 12.00
# Visual Studio 15
VisualStudioVersion = 15.0.27703.2042
MinimumVisualStudioVersion = 10.0.40219.1
Project("{FAE04EC0-301F-11D3-BF4B-00C04F79EFBC}") = "CSharpScraper", "WebApplication1\CSharpScraper.csproj", "{BF53957B-01C6-41B4-97CB-6023B7CEAC65}"
EndProject
Global
	GlobalSection(SolutionConfigurationPlatforms) = preSolution
		Debug|Any CPU = Debug|Any CPU
		Release|Any CPU = Release|Any CPU
	EndGlobalSection
	GlobalSection(ProjectConfigurationPlatforms) = postSolution
		{BF53957B-01C6-41B4-97CB-6023B7CEAC65}.Debug|Any CPU.ActiveCfg = Debug|Any CPU
		{BF53957B-01C6-41B4-97CB-6023B7CEAC65}.Debug|Any CPU.Build.0 = Debug|Any CPU
		{BF53957B-01C6-41B4-97CB-6023B7CEAC65}.Release|Any CPU.ActiveCfg = Release|Any CPU
		{BF53957B-01C6-41B4-97CB-6023B7CEAC65}.Release|Any CPU.Build.0 = Release|Any CPU
	EndGlobalSection
	GlobalSection(SolutionProperties) = preSolution
		HideSolutionNode = FALSE
	EndGlobalSection
	GlobalSection(ExtensibilityGlobals) = postSolution
		SolutionGuid = {27786571-6E45-4DDD-8D2F-F36D4E640073}
	EndGlobalSection
EndGlobal
